
Microsoft Visual Studio Solution File, Format Version 12.00
# Visual Studio Version 16
VisualStudioVersion = 16.0.32901.82
MinimumVisualStudioVersion = 10.0.40219.1
Project("{FAE04EC0-301F-11D3-BF4B-00C04F79EFBC}") = "WindowsFormsAppEjercicio06", "WindowsFormsAppEjercicio06\WindowsFormsAppEjercicio06.csproj", "{E15A360E-A857-4BBB-836B-2BEDC6D9B9B9}"
EndProject
Global
	GlobalSection(SolutionConfigurationPlatforms) = preSolution
		Debug|Any CPU = Debug|Any CPU
		Release|Any CPU = Release|Any CPU
	EndGlobalSection
	GlobalSection(ProjectConfigurationPlatforms) = postSolution
		{E15A360E-A857-4BBB-836B-2BEDC6D9B9B9}.Debug|Any CPU.ActiveCfg = Debug|Any CPU
		{E15A360E-A857-4BBB-836B-2BEDC6D9B9B9}.Debug|Any CPU.Build.0 = Debug|Any CPU
		{E15A360E-A857-4BBB-836B-2BEDC6D9B9B9}.Release|Any CPU.ActiveCfg = Release|Any CPU
		{E15A360E-A857-4BBB-836B-2BEDC6D9B9B9}.Release|Any CPU.Build.0 = Release|Any CPU
	EndGlobalSection
	GlobalSection(SolutionProperties) = preSolution
		HideSolutionNode = FALSE
	EndGlobalSection
	GlobalSection(ExtensibilityGlobals) = postSolution
		SolutionGuid = {9B7D7856-D045-468B-8BC9-5090CC89AF9D}
	EndGlobalSection
EndGlobal
